
Microsoft Visual Studio Solution File, Format Version 12.00
# Visual Studio 14
VisualStudioVersion = 14.0.25420.1
MinimumVisualStudioVersion = 10.0.40219.1
Project("{888888A0-9F3D-457C-B088-3A5042F75D52}") = "Eddy application", "Eddy application\Eddy application.pyproj", "{585835E3-5B35-44D6-B594-65E1848A46B4}"
EndProject
Global
	GlobalSection(SolutionConfigurationPlatforms) = preSolution
		Debug|Any CPU = Debug|Any CPU
		Release|Any CPU = Release|Any CPU
	EndGlobalSection
	GlobalSection(ProjectConfigurationPlatforms) = postSolution
		{585835E3-5B35-44D6-B594-65E1848A46B4}.Debug|Any CPU.ActiveCfg = Debug|Any CPU
		{585835E3-5B35-44D6-B594-65E1848A46B4}.Debug|Any CPU.Build.0 = Debug|Any CPU
		{585835E3-5B35-44D6-B594-65E1848A46B4}.Debug|Any CPU.Deploy.0 = Debug|Any CPU
		{585835E3-5B35-44D6-B594-65E1848A46B4}.Release|Any CPU.ActiveCfg = Release|Any CPU
		{585835E3-5B35-44D6-B594-65E1848A46B4}.Release|Any CPU.Build.0 = Release|Any CPU
		{585835E3-5B35-44D6-B594-65E1848A46B4}.Release|Any CPU.Deploy.0 = Release|Any CPU
	EndGlobalSection
	GlobalSection(SolutionProperties) = preSolution
		HideSolutionNode = FALSE
	EndGlobalSection
EndGlobal
